
Microsoft Visual Studio Solution File, Format Version 12.00
# Visual Studio 15
VisualStudioVersion = 15.0.27428.1
MinimumVisualStudioVersion = 10.0.40219.1
Project("{FAE04EC0-301F-11D3-BF4B-00C04F79EFBC}") = "HW03-Square", "HW03-Square\HW03-Square.csproj", "{80B9CED7-13D3-402B-A45C-D4490C5FFEAE}"
EndProject
Global
	GlobalSection(SolutionConfigurationPlatforms) = preSolution
		Debug|Any CPU = Debug|Any CPU
		Release|Any CPU = Release|Any CPU
	EndGlobalSection
	GlobalSection(ProjectConfigurationPlatforms) = postSolution
		{80B9CED7-13D3-402B-A45C-D4490C5FFEAE}.Debug|Any CPU.ActiveCfg = Debug|Any CPU
		{80B9CED7-13D3-402B-A45C-D4490C5FFEAE}.Debug|Any CPU.Build.0 = Debug|Any CPU
		{80B9CED7-13D3-402B-A45C-D4490C5FFEAE}.Release|Any CPU.ActiveCfg = Release|Any CPU
		{80B9CED7-13D3-402B-A45C-D4490C5FFEAE}.Release|Any CPU.Build.0 = Release|Any CPU
	EndGlobalSection
	GlobalSection(SolutionProperties) = preSolution
		HideSolutionNode = FALSE
	EndGlobalSection
	GlobalSection(ExtensibilityGlobals) = postSolution
		SolutionGuid = {F15A705F-E107-4D9A-9873-98CCB30388E0}
	EndGlobalSection
EndGlobal
