
Microsoft Visual Studio Solution File, Format Version 12.00
# Visual Studio 15
VisualStudioVersion = 15.0.27428.1
MinimumVisualStudioVersion = 10.0.40219.1
Project("{FAE04EC0-301F-11D3-BF4B-00C04F79EFBC}") = "HW01-Encrypt", "HW01-Encrypt\HW01-Encrypt.csproj", "{3C6ECC91-D23E-484E-9CD4-153859718303}"
EndProject
Global
	GlobalSection(SolutionConfigurationPlatforms) = preSolution
		Debug|Any CPU = Debug|Any CPU
		Release|Any CPU = Release|Any CPU
	EndGlobalSection
	GlobalSection(ProjectConfigurationPlatforms) = postSolution
		{3C6ECC91-D23E-484E-9CD4-153859718303}.Debug|Any CPU.ActiveCfg = Debug|Any CPU
		{3C6ECC91-D23E-484E-9CD4-153859718303}.Debug|Any CPU.Build.0 = Debug|Any CPU
		{3C6ECC91-D23E-484E-9CD4-153859718303}.Release|Any CPU.ActiveCfg = Release|Any CPU
		{3C6ECC91-D23E-484E-9CD4-153859718303}.Release|Any CPU.Build.0 = Release|Any CPU
	EndGlobalSection
	GlobalSection(SolutionProperties) = preSolution
		HideSolutionNode = FALSE
	EndGlobalSection
	GlobalSection(ExtensibilityGlobals) = postSolution
		SolutionGuid = {03AB0B81-32D8-4319-83BC-A6F625839A7D}
	EndGlobalSection
EndGlobal
